
Microsoft Visual Studio Solution File, Format Version 12.00
# Visual Studio Version 17
VisualStudioVersion = 17.10.34928.147
MinimumVisualStudioVersion = 10.0.40219.1
Project("{FAE04EC0-301F-11D3-BF4B-00C04F79EFBC}") = "questions", "questions\questions.csproj", "{D1000510-E67B-4883-A0DD-7A001D38EE6B}"
EndProject
Global
	GlobalSection(SolutionConfigurationPlatforms) = preSolution
		Debug|Any CPU = Debug|Any CPU
		Release|Any CPU = Release|Any CPU
	EndGlobalSection
	GlobalSection(ProjectConfigurationPlatforms) = postSolution
		{D1000510-E67B-4883-A0DD-7A001D38EE6B}.Debug|Any CPU.ActiveCfg = Debug|Any CPU
		{D1000510-E67B-4883-A0DD-7A001D38EE6B}.Debug|Any CPU.Build.0 = Debug|Any CPU
		{D1000510-E67B-4883-A0DD-7A001D38EE6B}.Release|Any CPU.ActiveCfg = Release|Any CPU
		{D1000510-E67B-4883-A0DD-7A001D38EE6B}.Release|Any CPU.Build.0 = Release|Any CPU
	EndGlobalSection
	GlobalSection(SolutionProperties) = preSolution
		HideSolutionNode = FALSE
	EndGlobalSection
	GlobalSection(ExtensibilityGlobals) = postSolution
		SolutionGuid = {436ACBBA-88BB-42B8-90C5-29AD6F4A4674}
	EndGlobalSection
EndGlobal
